
Microsoft Visual Studio Solution File, Format Version 12.00
# Visual Studio 15
VisualStudioVersion = 15.0.27130.2027
MinimumVisualStudioVersion = 10.0.40219.1
Project("{FAE04EC0-301F-11D3-BF4B-00C04F79EFBC}") = "BussLocate", "BussLocate\BussLocate.csproj", "{6CCCD90F-2698-4686-B1E2-969A6C830BFE}"
EndProject
Global
	GlobalSection(SolutionConfigurationPlatforms) = preSolution
		Debug|Any CPU = Debug|Any CPU
		Release|Any CPU = Release|Any CPU
	EndGlobalSection
	GlobalSection(ProjectConfigurationPlatforms) = postSolution
		{6CCCD90F-2698-4686-B1E2-969A6C830BFE}.Debug|Any CPU.ActiveCfg = Debug|Any CPU
		{6CCCD90F-2698-4686-B1E2-969A6C830BFE}.Debug|Any CPU.Build.0 = Debug|Any CPU
		{6CCCD90F-2698-4686-B1E2-969A6C830BFE}.Debug|Any CPU.Deploy.0 = Debug|Any CPU
		{6CCCD90F-2698-4686-B1E2-969A6C830BFE}.Release|Any CPU.ActiveCfg = Release|Any CPU
		{6CCCD90F-2698-4686-B1E2-969A6C830BFE}.Release|Any CPU.Build.0 = Release|Any CPU
		{6CCCD90F-2698-4686-B1E2-969A6C830BFE}.Release|Any CPU.Deploy.0 = Release|Any CPU
	EndGlobalSection
	GlobalSection(SolutionProperties) = preSolution
		HideSolutionNode = FALSE
	EndGlobalSection
	GlobalSection(ExtensibilityGlobals) = postSolution
		SolutionGuid = {6A23E49D-9EA3-4F4E-A23F-4FDB94CBF15E}
	EndGlobalSection
EndGlobal
